
Microsoft Visual Studio Solution File, Format Version 12.00
# Visual Studio Version 16
VisualStudioVersion = 16.0.29418.71
MinimumVisualStudioVersion = 10.0.40219.1
Project("{FAE04EC0-301F-11D3-BF4B-00C04F79EFBC}") = "ArrayDemo2", "ArrayDemo2\ArrayDemo2.csproj", "{8A670AD5-8CDD-4624-A2F0-81216B7DDD51}"
EndProject
Global
	GlobalSection(SolutionConfigurationPlatforms) = preSolution
		Debug|Any CPU = Debug|Any CPU
		Release|Any CPU = Release|Any CPU
	EndGlobalSection
	GlobalSection(ProjectConfigurationPlatforms) = postSolution
		{8A670AD5-8CDD-4624-A2F0-81216B7DDD51}.Debug|Any CPU.ActiveCfg = Debug|Any CPU
		{8A670AD5-8CDD-4624-A2F0-81216B7DDD51}.Debug|Any CPU.Build.0 = Debug|Any CPU
		{8A670AD5-8CDD-4624-A2F0-81216B7DDD51}.Release|Any CPU.ActiveCfg = Release|Any CPU
		{8A670AD5-8CDD-4624-A2F0-81216B7DDD51}.Release|Any CPU.Build.0 = Release|Any CPU
	EndGlobalSection
	GlobalSection(SolutionProperties) = preSolution
		HideSolutionNode = FALSE
	EndGlobalSection
	GlobalSection(ExtensibilityGlobals) = postSolution
		SolutionGuid = {A84F969F-E969-4693-95A8-C49BA186050F}
	EndGlobalSection
EndGlobal
